// !$*UTF8*$!
{
	archiveVersion = 1;
	classes = {
	};
	objectVersion = 50;
	objects = {

/* Begin PBXBuildFile section */
		59ABE69B24E5809900420EC8 /* AppDelegate.swift in Sources */ = {isa = PBXBuildFile; fileRef = 59ABE69A24E5809900420EC8 /* AppDelegate.swift */; };
		59ABE69D24E5809A00420EC8 /* SceneDelegate.swift in Sources */ = {isa = PBXBuildFile; fileRef = 59ABE69C24E5809A00420EC8 /* SceneDelegate.swift */; };
		59ABE69F24E5809A00420EC8 /* ViewController.swift in Sources */ = {isa = PBXBuildFile; fileRef = 59ABE69E24E5809A00420EC8 /* ViewController.swift */; };
		59ABE6A224E5809A00420EC8 /* Main.storyboard in Resources */ = {isa = PBXBuildFile; fileRef = 59ABE6A024E5809A00420EC8 /* Main.storyboard */; };
		59ABE6A424E580C800420EC8 /* Assets.xcassets in Resources */ = {isa = PBXBuildFile; fileRef = 59ABE6A324E580C800420EC8 /* Assets.xcassets */; };
		59ABE6A724E580C900420EC8 /* LaunchScreen.storyboard in Resources */ = {isa = PBXBuildFile; fileRef = 59ABE6A524E580C900420EC8 /* LaunchScreen.storyboard */; };
		59ABE6B224E580C900420EC8 /* WeatherTests.swift in Sources */ = {isa = PBXBuildFile; fileRef = 59ABE6B124E580C900420EC8 /* WeatherTests.swift */; };
		59ABE6BD24E580C900420EC8 /* WeatherUITests.swift in Sources */ = {isa = PBXBuildFile; fileRef = 59ABE6BC24E580C900420EC8 /* WeatherUITests.swift */; };
		59ABE6CC24E5839C00420EC8 /* NetworkManager.swift in Sources */ = {isa = PBXBuildFile; fileRef = 59ABE6CB24E5839C00420EC8 /* NetworkManager.swift */; };
		59ABE6CF24E5850D00420EC8 /* OfferModel.swift in Sources */ = {isa = PBXBuildFile; fileRef = 59ABE6CE24E5850D00420EC8 /* OfferModel.swift */; };
		59ABE6D124E585BE00420EC8 /* ListOfferModel.swift in Sources */ = {isa = PBXBuildFile; fileRef = 59ABE6D024E585BE00420EC8 /* ListOfferModel.swift */; };
		59ABE6D324E5861A00420EC8 /* MainOfferModel.swift in Sources */ = {isa = PBXBuildFile; fileRef = 59ABE6D224E5861A00420EC8 /* MainOfferModel.swift */; };
		59ABE6D524E5B7D200420EC8 /* MainView.swift in Sources */ = {isa = PBXBuildFile; fileRef = 59ABE6D424E5B7D200420EC8 /* MainView.swift */; };
		59DBEB4124F6C8E600DCA536 /* CustomTableViewCell.swift in Sources */ = {isa = PBXBuildFile; fileRef = 59DBEB4024F6C8E600DCA536 /* CustomTableViewCell.swift */; };
		59DBEB4324F6C98E00DCA536 /* CustomTableViewCell.xib in Resources */ = {isa = PBXBuildFile; fileRef = 59DBEB4224F6C98E00DCA536 /* CustomTableViewCell.xib */; };
/* End PBXBuildFile section */

/* Begin PBXContainerItemProxy section */
		59ABE6AE24E580C900420EC8 /* PBXContainerItemProxy */ = {
			isa = PBXContainerItemProxy;
			containerPortal = 59ABE68F24E5809900420EC8 /* Project object */;
			proxyType = 1;
			remoteGlobalIDString = 59ABE69624E5809900420EC8;
			remoteInfo = Weather;
		};
		59ABE6B924E580C900420EC8 /* PBXContainerItemProxy */ = {
			isa = PBXContainerItemProxy;
			containerPortal = 59ABE68F24E5809900420EC8 /* Project object */;
			proxyType = 1;
			remoteGlobalIDString = 59ABE69624E5809900420EC8;
			remoteInfo = Weather;
		};
/* End PBXContainerItemProxy section */

/* Begin PBXFileReference section */
		59ABE69724E5809900420EC8 /* Weather.app */ = {isa = PBXFileReference; explicitFileType = wrapper.application; includeInIndex = 0; path = Weather.app; sourceTree = BUILT_PRODUCTS_DIR; };
		59ABE69A24E5809900420EC8 /* AppDelegate.swift */ = {isa = PBXFileReference; lastKnownFileType = sourcecode.swift; path = AppDelegate.swift; sourceTree = "<group>"; };
		59ABE69C24E5809A00420EC8 /* SceneDelegate.swift */ = {isa = PBXFileReference; lastKnownFileType = sourcecode.swift; path = SceneDelegate.swift; sourceTree = "<group>"; };
		59ABE69E24E5809A00420EC8 /* ViewController.swift */ = {isa = PBXFileReference; lastKnownFileType = sourcecode.swift; path = ViewController.swift; sourceTree = "<group>"; };
		59ABE6A124E5809A00420EC8 /* Base */ = {isa = PBXFileReference; lastKnownFileType = file.storyboard; name = Base; path = Base.lproj/Main.storyboard; sourceTree = "<group>"; };
		59ABE6A324E580C800420EC8 /* Assets.xcassets */ = {isa = PBXFileReference; lastKnownFileType = folder.assetcatalog; path = Assets.xcassets; sourceTree = "<group>"; };
		59ABE6A624E580C900420EC8 /* Base */ = {isa = PBXFileReference; lastKnownFileType = file.storyboard; name = Base; path = Base.lproj/LaunchScreen.storyboard; sourceTree = "<group>"; };
		59ABE6A824E580C900420EC8 /* Info.plist */ = {isa = PBXFileReference; lastKnownFileType = text.plist.xml; path = Info.plist; sourceTree = "<group>"; };
		59ABE6AD24E580C900420EC8 /* WeatherTests.xctest */ = {isa = PBXFileReference; explicitFileType = wrapper.cfbundle; includeInIndex = 0; path = WeatherTests.xctest; sourceTree = BUILT_PRODUCTS_DIR; };
		59ABE6B124E580C900420EC8 /* WeatherTests.swift */ = {isa = PBXFileReference; lastKnownFileType = sourcecode.swift; path = WeatherTests.swift; sourceTree = "<group>"; };
		59ABE6B324E580C900420EC8 /* Info.plist */ = {isa = PBXFileReference; lastKnownFileType = text.plist.xml; path = Info.plist; sourceTree = "<group>"; };
		59ABE6B824E580C900420EC8 /* WeatherUITests.xctest */ = {isa = PBXFileReference; explicitFileType = wrapper.cfbundle; includeInIndex = 0; path = WeatherUITests.xctest; sourceTree = BUILT_PRODUCTS_DIR; };
		59ABE6BC24E580C900420EC8 /* WeatherUITests.swift */ = {isa = PBXFileReference; lastKnownFileType = sourcecode.swift; path = WeatherUITests.swift; sourceTree = "<group>"; };
		59ABE6BE24E580C900420EC8 /* Info.plist */ = {isa = PBXFileReference; lastKnownFileType = text.plist.xml; path = Info.plist; sourceTree = "<group>"; };
		59ABE6CB24E5839C00420EC8 /* NetworkManager.swift */ = {isa = PBXFileReference; lastKnownFileType = sourcecode.swift; path = NetworkManager.swift; sourceTree = "<group>"; };
		59ABE6CE24E5850D00420EC8 /* OfferModel.swift */ = {isa = PBXFileReference; lastKnownFileType = sourcecode.swift; path = OfferModel.swift; sourceTree = "<group>"; };
		59ABE6D024E585BE00420EC8 /* ListOfferModel.swift */ = {isa = PBXFileReference; lastKnownFileType = sourcecode.swift; path = ListOfferModel.swift; sourceTree = "<group>"; };
		59ABE6D224E5861A00420EC8 /* MainOfferModel.swift */ = {isa = PBXFileReference; lastKnownFileType = sourcecode.swift; path = MainOfferModel.swift; sourceTree = "<group>"; };
		59ABE6D424E5B7D200420EC8 /* MainView.swift */ = {isa = PBXFileReference; lastKnownFileType = sourcecode.swift; path = MainView.swift; sourceTree = "<group>"; };
		59DBEB4024F6C8E600DCA536 /* CustomTableViewCell.swift */ = {isa = PBXFileReference; lastKnownFileType = sourcecode.swift; path = CustomTableViewCell.swift; sourceTree = "<group>"; };
		59DBEB4224F6C98E00DCA536 /* CustomTableViewCell.xib */ = {isa = PBXFileReference; lastKnownFileType = file.xib; path = CustomTableViewCell.xib; sourceTree = "<group>"; };
/* End PBXFileReference section */

/* Begin PBXFrameworksBuildPhase section */
		59ABE69424E5809900420EC8 /* Frameworks */ = {
			isa = PBXFrameworksBuildPhase;
			buildActionMask = 2147483647;
			files = (
			);
			runOnlyForDeploymentPostprocessing = 0;
		};
		59ABE6AA24E580C900420EC8 /* Frameworks */ = {
			isa = PBXFrameworksBuildPhase;
			buildActionMask = 2147483647;
			files = (
			);
			runOnlyForDeploymentPostprocessing = 0;
		};
		59ABE6B524E580C900420EC8 /* Frameworks */ = {
			isa = PBXFrameworksBuildPhase;
			buildActionMask = 2147483647;
			files = (
			);
			runOnlyForDeploymentPostprocessing = 0;
		};
/* End PBXFrameworksBuildPhase section */

/* Begin PBXGroup section */
		59ABE68E24E5809900420EC8 = {
			isa = PBXGroup;
			children = (
				59ABE69924E5809900420EC8 /* Weather */,
				59ABE6B024E580C900420EC8 /* WeatherTests */,
				59ABE69824E5809900420EC8 /* Products */,
			);
			sourceTree = "<group>";
		};
		59ABE69824E5809900420EC8 /* Products */ = {
			isa = PBXGroup;
			children = (
				59ABE69724E5809900420EC8 /* Weather.app */,
				59ABE6AD24E580C900420EC8 /* WeatherTests.xctest */,
				59ABE6B824E580C900420EC8 /* WeatherUITests.xctest */,
			);
			name = Products;
			sourceTree = "<group>";
		};
		59ABE69924E5809900420EC8 /* Weather */ = {
			isa = PBXGroup;
			children = (
				59DBEB3F24F6C88F00DCA536 /* UITableViewCell */,
				59ABE6CD24E584C500420EC8 /* OfferModel */,
				59ABE69A24E5809900420EC8 /* AppDelegate.swift */,
				59ABE69C24E5809A00420EC8 /* SceneDelegate.swift */,
				59ABE69E24E5809A00420EC8 /* ViewController.swift */,
				59ABE6A024E5809A00420EC8 /* Main.storyboard */,
				59ABE6A324E580C800420EC8 /* Assets.xcassets */,
				59ABE6A524E580C900420EC8 /* LaunchScreen.storyboard */,
				59ABE6A824E580C900420EC8 /* Info.plist */,
				59ABE6D424E5B7D200420EC8 /* MainView.swift */,
			);
			path = Weather;
			sourceTree = "<group>";
		};
		59ABE6B024E580C900420EC8 /* WeatherTests */ = {
			isa = PBXGroup;
			children = (
				59ABE6BB24E580C900420EC8 /* WeatherUITests */,
				59ABE6B124E580C900420EC8 /* WeatherTests.swift */,
				59ABE6B324E580C900420EC8 /* Info.plist */,
			);
			path = WeatherTests;
			sourceTree = "<group>";
		};
		59ABE6BB24E580C900420EC8 /* WeatherUITests */ = {
			isa = PBXGroup;
			children = (
				59ABE6BC24E580C900420EC8 /* WeatherUITests.swift */,
				59ABE6BE24E580C900420EC8 /* Info.plist */,
			);
			path = WeatherUITests;
			sourceTree = "<group>";
		};
		59ABE6CA24E5834D00420EC8 /* NetworkManager */ = {
			isa = PBXGroup;
			children = (
				59ABE6CB24E5839C00420EC8 /* NetworkManager.swift */,
			);
			path = NetworkManager;
			sourceTree = "<group>";
		};
		59ABE6CD24E584C500420EC8 /* OfferModel */ = {
			isa = PBXGroup;
			children = (
				59ABE6D024E585BE00420EC8 /* ListOfferModel.swift */,
				59ABE6CE24E5850D00420EC8 /* OfferModel.swift */,
				59ABE6D224E5861A00420EC8 /* MainOfferModel.swift */,
				59ABE6CA24E5834D00420EC8 /* NetworkManager */,
			);
			path = OfferModel;
			sourceTree = "<group>";
		};
		59DBEB3F24F6C88F00DCA536 /* UITableViewCell */ = {
			isa = PBXGroup;
			children = (
				59DBEB4024F6C8E600DCA536 /* CustomTableViewCell.swift */,
				59DBEB4224F6C98E00DCA536 /* CustomTableViewCell.xib */,
			);
			path = UITableViewCell;
			sourceTree = "<group>";
		};
/* End PBXGroup section */

/* Begin PBXNativeTarget section */
		59ABE69624E5809900420EC8 /* Weather */ = {
			isa = PBXNativeTarget;
			buildConfigurationList = 59ABE6C124E580CA00420EC8 /* Build configuration list for PBXNativeTarget "Weather" */;
			buildPhases = (
				59ABE69324E5809900420EC8 /* Sources */,
				59ABE69424E5809900420EC8 /* Frameworks */,
				59ABE69524E5809900420EC8 /* Resources */,
			);
			buildRules = (
			);
			dependencies = (
			);
			name = Weather;
			productName = Weather;
			productReference = 59ABE69724E5809900420EC8 /* Weather.app */;
			productType = "com.apple.product-type.application";
		};
		59ABE6AC24E580C900420EC8 /* WeatherTests */ = {
			isa = PBXNativeTarget;
			buildConfigurationList = 59ABE6C424E580CA00420EC8 /* Build configuration list for PBXNativeTarget "WeatherTests" */;
			buildPhases = (
				59ABE6A924E580C900420EC8 /* Sources */,
				59ABE6AA24E580C900420EC8 /* Frameworks */,
				59ABE6AB24E580C900420EC8 /* Resources */,
			);
			buildRules = (
			);
			dependencies = (
				59ABE6AF24E580C900420EC8 /* PBXTargetDependency */,
			);
			name = WeatherTests;
			productName = WeatherTests;
			productReference = 59ABE6AD24E580C900420EC8 /* WeatherTests.xctest */;
			productType = "com.apple.product-type.bundle.unit-test";
		};
		59ABE6B724E580C900420EC8 /* WeatherUITests */ = {
			isa = PBXNativeTarget;
			buildConfigurationList = 59ABE6C724E580CA00420EC8 /* Build configuration list for PBXNativeTarget "WeatherUITests" */;
			buildPhases = (
				59ABE6B424E580C900420EC8 /* Sources */,
				59ABE6B524E580C900420EC8 /* Frameworks */,
				59ABE6B624E580C900420EC8 /* Resources */,
			);
			buildRules = (
			);
			dependencies = (
				59ABE6BA24E580C900420EC8 /* PBXTargetDependency */,
			);
			name = WeatherUITests;
			productName = WeatherUITests;
			productReference = 59ABE6B824E580C900420EC8 /* WeatherUITests.xctest */;
			productType = "com.apple.product-type.bundle.ui-testing";
		};
/* End PBXNativeTarget section */

/* Begin PBXProject section */
		59ABE68F24E5809900420EC8 /* Project object */ = {
			isa = PBXProject;
			attributes = {
				LastSwiftUpdateCheck = 1160;
				LastUpgradeCheck = 1160;
				ORGANIZATIONNAME = "Raisat Ramazanova";
				TargetAttributes = {
					59ABE69624E5809900420EC8 = {
						CreatedOnToolsVersion = 11.6;
					};
					59ABE6AC24E580C900420EC8 = {
						CreatedOnToolsVersion = 11.6;
						TestTargetID = 59ABE69624E5809900420EC8;
					};
					59ABE6B724E580C900420EC8 = {
						CreatedOnToolsVersion = 11.6;
						TestTargetID = 59ABE69624E5809900420EC8;
					};
				};
			};
			buildConfigurationList = 59ABE69224E5809900420EC8 /* Build configuration list for PBXProject "Weather" */;
			compatibilityVersion = "Xcode 9.3";
			developmentRegion = en;
			hasScannedForEncodings = 0;
			knownRegions = (
				en,
				Base,
			);
			mainGroup = 59ABE68E24E5809900420EC8;
			productRefGroup = 59ABE69824E5809900420EC8 /* Products */;
			projectDirPath = "";
			projectRoot = "";
			targets = (
				59ABE69624E5809900420EC8 /* Weather */,
				59ABE6AC24E580C900420EC8 /* WeatherTests */,
				59ABE6B724E580C900420EC8 /* WeatherUITests */,
			);
		};
/* End PBXProject section */

/* Begin PBXResourcesBuildPhase section */
		59ABE69524E5809900420EC8 /* Resources */ = {
			isa = PBXResourcesBuildPhase;
			buildActionMask = 2147483647;
			files = (
				59ABE6A724E580C900420EC8 /* LaunchScreen.storyboard in Resources */,
				59ABE6A424E580C800420EC8 /* Assets.xcassets in Resources */,
				59DBEB4324F6C98E00DCA536 /* CustomTableViewCell.xib in Resources */,
				59ABE6A224E5809A00420EC8 /* Main.storyboard in Resources */,
			);
			runOnlyForDeploymentPostprocessing = 0;
		};
		59ABE6AB24E580C900420EC8 /* Resources */ = {
			isa = PBXResourcesBuildPhase;
			buildActionMask = 2147483647;
			files = (
			);
			runOnlyForDeploymentPostprocessing = 0;
		};
		59ABE6B624E580C900420EC8 /* Resources */ = {
			isa = PBXResourcesBuildPhase;
			buildActionMask = 2147483647;
			files = (
			);
			runOnlyForDeploymentPostprocessing = 0;
		};
/* End PBXResourcesBuildPhase section */

/* Begin PBXSourcesBuildPhase section */
		59ABE69324E5809900420EC8 /* Sources */ = {
			isa = PBXSourcesBuildPhase;
			buildActionMask = 2147483647;
			files = (
				59DBEB4124F6C8E600DCA536 /* CustomTableViewCell.swift in Sources */,
				59ABE6D124E585BE00420EC8 /* ListOfferModel.swift in Sources */,
				59ABE6D524E5B7D200420EC8 /* MainView.swift in Sources */,
				59ABE6CC24E5839C00420EC8 /* NetworkManager.swift in Sources */,
				59ABE69F24E5809A00420EC8 /* ViewController.swift in Sources */,
				59ABE6CF24E5850D00420EC8 /* OfferModel.swift in Sources */,
				59ABE69B24E5809900420EC8 /* AppDelegate.swift in Sources */,
				59ABE6D324E5861A00420EC8 /* MainOfferModel.swift in Sources */,
				59ABE69D24E5809A00420EC8 /* SceneDelegate.swift in Sources */,
			);
			runOnlyForDeploymentPostprocessing = 0;
		};
		59ABE6A924E580C900420EC8 /* Sources */ = {
			isa = PBXSourcesBuildPhase;
			buildActionMask = 2147483647;
			files = (
				59ABE6B224E580C900420EC8 /* WeatherTests.swift in Sources */,
			);
			runOnlyForDeploymentPostprocessing = 0;
		};
		59ABE6B424E580C900420EC8 /* Sources */ = {
			isa = PBXSourcesBuildPhase;
			buildActionMask = 2147483647;
			files = (
				59ABE6BD24E580C900420EC8 /* WeatherUITests.swift in Sources */,
			);
			runOnlyForDeploymentPostprocessing = 0;
		};
/* End PBXSourcesBuildPhase section */

/* Begin PBXTargetDependency section */
		59ABE6AF24E580C900420EC8 /* PBXTargetDependency */ = {
			isa = PBXTargetDependency;
			target = 59ABE69624E5809900420EC8 /* Weather */;
			targetProxy = 59ABE6AE24E580C900420EC8 /* PBXContainerItemProxy */;
		};
		59ABE6BA24E580C900420EC8 /* PBXTargetDependency */ = {
			isa = PBXTargetDependency;
			target = 59ABE69624E5809900420EC8 /* Weather */;
			targetProxy = 59ABE6B924E580C900420EC8 /* PBXContainerItemProxy */;
		};
/* End PBXTargetDependency section */

/* Begin PBXVariantGroup section */
		59ABE6A024E5809A00420EC8 /* Main.storyboard */ = {
			isa = PBXVariantGroup;
			children = (
				59ABE6A124E5809A00420EC8 /* Base */,
			);
			name = Main.storyboard;
			sourceTree = "<group>";
		};
		59ABE6A524E580C900420EC8 /* LaunchScreen.storyboard */ = {
			isa = PBXVariantGroup;
			children = (
				59ABE6A624E580C900420EC8 /* Base */,
			);
			name = LaunchScreen.storyboard;
			sourceTree = "<group>";
		};
/* End PBXVariantGroup section */

/* Begin XCBuildConfiguration section */
		59ABE6BF24E580C900420EC8 /* Debug */ = {
			isa = XCBuildConfiguration;
			buildSettings = {
				ALWAYS_SEARCH_USER_PATHS = NO;
				CLANG_ANALYZER_NONNULL = YES;
				CLANG_ANALYZER_NUMBER_OBJECT_CONVERSION = YES_AGGRESSIVE;
				CLANG_CXX_LANGUAGE_STANDARD = "gnu++14";
				CLANG_CXX_LIBRARY = "libc++";
				CLANG_ENABLE_MODULES = YES;
				CLANG_ENABLE_OBJC_ARC = YES;
				CLANG_ENABLE_OBJC_WEAK = YES;
				CLANG_WARN_BLOCK_CAPTURE_AUTORELEASING = YES;
				CLANG_WARN_BOOL_CONVERSION = YES;
				CLANG_WARN_COMMA = YES;
				CLANG_WARN_CONSTANT_CONVERSION = YES;
				CLANG_WARN_DEPRECATED_OBJC_IMPLEMENTATIONS = YES;
				CLANG_WARN_DIRECT_OBJC_ISA_USAGE = YES_ERROR;
				CLANG_WARN_DOCUMENTATION_COMMENTS = YES;
				CLANG_WARN_EMPTY_BODY = YES;
				CLANG_WARN_ENUM_CONVERSION = YES;
				CLANG_WARN_INFINITE_RECURSION = YES;
				CLANG_WARN_INT_CONVERSION = YES;
				CLANG_WARN_NON_LITERAL_NULL_CONVERSION = YES;
				CLANG_WARN_OBJC_IMPLICIT_RETAIN_SELF = YES;
				CLANG_WARN_OBJC_LITERAL_CONVERSION = YES;
				CLANG_WARN_OBJC_ROOT_CLASS = YES_ERROR;
				CLANG_WARN_RANGE_LOOP_ANALYSIS = YES;
				CLANG_WARN_STRICT_PROTOTYPES = YES;
				CLANG_WARN_SUSPICIOUS_MOVE = YES;
				CLANG_WARN_UNGUARDED_AVAILABILITY = YES_AGGRESSIVE;
				CLANG_WARN_UNREACHABLE_CODE = YES;
				CLANG_WARN__DUPLICATE_METHOD_MATCH = YES;
				COPY_PHASE_STRIP = NO;
				DEBUG_INFORMATION_FORMAT = dwarf;
				ENABLE_STRICT_OBJC_MSGSEND = YES;
				ENABLE_TESTABILITY = YES;
				GCC_C_LANGUAGE_STANDARD = gnu11;
				GCC_DYNAMIC_NO_PIC = NO;
				GCC_NO_COMMON_BLOCKS = YES;
				GCC_OPTIMIZATION_LEVEL = 0;
				GCC_PREPROCESSOR_DEFINITIONS = (
					"DEBUG=1",
					"$(inherited)",
				);
				GCC_WARN_64_TO_32_BIT_CONVERSION = YES;
				GCC_WARN_ABOUT_RETURN_TYPE = YES_ERROR;
				GCC_WARN_UNDECLARED_SELECTOR = YES;
				GCC_WARN_UNINITIALIZED_AUTOS = YES_AGGRESSIVE;
				GCC_WARN_UNUSED_FUNCTION = YES;
				GCC_WARN_UNUSED_VARIABLE = YES;
				IPHONEOS_DEPLOYMENT_TARGET = 13.6;
				MTL_ENABLE_DEBUG_INFO = INCLUDE_SOURCE;
				MTL_FAST_MATH = YES;
				ONLY_ACTIVE_ARCH = YES;
				SDKROOT = iphoneos;
				SWIFT_ACTIVE_COMPILATION_CONDITIONS = DEBUG;
				SWIFT_OPTIMIZATION_LEVEL = "-Onone";
			};
			name = Debug;
		};
		59ABE6C024E580C900420EC8 /* Release */ = {
			isa = XCBuildConfiguration;
			buildSettings = {
				ALWAYS_SEARCH_USER_PATHS = NO;
				CLANG_ANALYZER_NONNULL = YES;
				CLANG_ANALYZER_NUMBER_OBJECT_CONVERSION = YES_AGGRESSIVE;
				CLANG_CXX_LANGUAGE_STANDARD = "gnu++14";
				CLANG_CXX_LIBRARY = "libc++";
				CLANG_ENABLE_MODULES = YES;
				CLANG_ENABLE_OBJC_ARC = YES;
				CLANG_ENABLE_OBJC_WEAK = YES;
				CLANG_WARN_BLOCK_CAPTURE_AUTORELEASING = YES;
				CLANG_WARN_BOOL_CONVERSION = YES;
				CLANG_WARN_COMMA = YES;
				CLANG_WARN_CONSTANT_CONVERSION = YES;
				CLANG_WARN_DEPRECATED_OBJC_IMPLEMENTATIONS = YES;
				CLANG_WARN_DIRECT_OBJC_ISA_USAGE = YES_ERROR;
				CLANG_WARN_DOCUMENTATION_COMMENTS = YES;
				CLANG_WARN_EMPTY_BODY = YES;
				CLANG_WARN_ENUM_CONVERSION = YES;
				CLANG_WARN_INFINITE_RECURSION = YES;
				CLANG_WARN_INT_CONVERSION = YES;
				CLANG_WARN_NON_LITERAL_NULL_CONVERSION = YES;
				CLANG_WARN_OBJC_IMPLICIT_RETAIN_SELF = YES;
				CLANG_WARN_OBJC_LITERAL_CONVERSION = YES;
				CLANG_WARN_OBJC_ROOT_CLASS = YES_ERROR;
				CLANG_WARN_RANGE_LOOP_ANALYSIS = YES;
				CLANG_WARN_STRICT_PROTOTYPES = YES;
				CLANG_WARN_SUSPICIOUS_MOVE = YES;
				CLANG_WARN_UNGUARDED_AVAILABILITY = YES_AGGRESSIVE;
				CLANG_WARN_UNREACHABLE_CODE = YES;
				CLANG_WARN__DUPLICATE_METHOD_MATCH = YES;
				COPY_PHASE_STRIP = NO;
				DEBUG_INFORMATION_FORMAT = "dwarf-with-dsym";
				ENABLE_NS_ASSERTIONS = NO;
				ENABLE_STRICT_OBJC_MSGSEND = YES;
				GCC_C_LANGUAGE_STANDARD = gnu11;
				GCC_NO_COMMON_BLOCKS = YES;
				GCC_WARN_64_TO_32_BIT_CONVERSION = YES;
				GCC_WARN_ABOUT_RETURN_TYPE = YES_ERROR;
				GCC_WARN_UNDECLARED_SELECTOR = YES;
				GCC_WARN_UNINITIALIZED_AUTOS = YES_AGGRESSIVE;
				GCC_WARN_UNUSED_FUNCTION = YES;
				GCC_WARN_UNUSED_VARIABLE = YES;
				IPHONEOS_DEPLOYMENT_TARGET = 13.6;
				MTL_ENABLE_DEBUG_INFO = NO;
				MTL_FAST_MATH = YES;
				SDKROOT = iphoneos;
				SWIFT_COMPILATION_MODE = wholemodule;
				SWIFT_OPTIMIZATION_LEVEL = "-O";
				VALIDATE_PRODUCT = YES;
			};
			name = Release;
		};
		59ABE6C224E580CA00420EC8 /* Debug */ = {
			isa = XCBuildConfiguration;
			buildSettings = {
				ASSETCATALOG_COMPILER_APPICON_NAME = AppIcon;
				CODE_SIGN_STYLE = Automatic;
				DEVELOPMENT_TEAM = YNHVVRN9N8;
				INFOPLIST_FILE = Weather/Info.plist;
				LD_RUNPATH_SEARCH_PATHS = (
					"$(inherited)",
					"@executable_path/Frameworks",
				);
				PRODUCT_BUNDLE_IDENTIFIER = Raisat.Weather;
				PRODUCT_NAME = "$(TARGET_NAME)";
				SWIFT_VERSION = 5.0;
				TARGETED_DEVICE_FAMILY = "1,2";
			};
			name = Debug;
		};
		59ABE6C324E580CA00420EC8 /* Release */ = {
			isa = XCBuildConfiguration;
			buildSettings = {
				ASSETCATALOG_COMPILER_APPICON_NAME = AppIcon;
				CODE_SIGN_STYLE = Automatic;
				DEVELOPMENT_TEAM = YNHVVRN9N8;
				INFOPLIST_FILE = Weather/Info.plist;
				LD_RUNPATH_SEARCH_PATHS = (
					"$(inherited)",
					"@executable_path/Frameworks",
				);
				PRODUCT_BUNDLE_IDENTIFIER = Raisat.Weather;
				PRODUCT_NAME = "$(TARGET_NAME)";
				SWIFT_VERSION = 5.0;
				TARGETED_DEVICE_FAMILY = "1,2";
			};
			name = Release;
		};
		59ABE6C524E580CA00420EC8 /* Debug */ = {
			isa = XCBuildConfiguration;
			buildSettings = {
				ALWAYS_EMBED_SWIFT_STANDARD_LIBRARIES = YES;
				BUNDLE_LOADER = "$(TEST_HOST)";
				CODE_SIGN_STYLE = Automatic;
				DEVELOPMENT_TEAM = YNHVVRN9N8;
				INFOPLIST_FILE = WeatherTests/Info.plist;
				IPHONEOS_DEPLOYMENT_TARGET = 13.6;
				LD_RUNPATH_SEARCH_PATHS = (
					"$(inherited)",
					"@executable_path/Frameworks",
					"@loader_path/Frameworks",
				);
				PRODUCT_BUNDLE_IDENTIFIER = Raisat.WeatherTests;
				PRODUCT_NAME = "$(TARGET_NAME)";
				SWIFT_VERSION = 5.0;
				TARGETED_DEVICE_FAMILY = "1,2";
				TEST_HOST = "$(BUILT_PRODUCTS_DIR)/Weather.app/Weather";
			};
			name = Debug;
		};
		59ABE6C624E580CA00420EC8 /* Release */ = {
			isa = XCBuildConfiguration;
			buildSettings = {
				ALWAYS_EMBED_SWIFT_STANDARD_LIBRARIES = YES;
				BUNDLE_LOADER = "$(TEST_HOST)";
				CODE_SIGN_STYLE = Automatic;
				DEVELOPMENT_TEAM = YNHVVRN9N8;
				INFOPLIST_FILE = WeatherTests/Info.plist;
				IPHONEOS_DEPLOYMENT_TARGET = 13.6;
				LD_RUNPATH_SEARCH_PATHS = (
					"$(inherited)",
					"@executable_path/Frameworks",
					"@loader_path/Frameworks",
				);
				PRODUCT_BUNDLE_IDENTIFIER = Raisat.WeatherTests;
				PRODUCT_NAME = "$(TARGET_NAME)";
				SWIFT_VERSION = 5.0;
				TARGETED_DEVICE_FAMILY = "1,2";
				TEST_HOST = "$(BUILT_PRODUCTS_DIR)/Weather.app/Weather";
			};
			name = Release;
		};
		59ABE6C824E580CA00420EC8 /* Debug */ = {
			isa = XCBuildConfiguration;
			buildSettings = {
				ALWAYS_EMBED_SWIFT_STANDARD_LIBRARIES = YES;
				CODE_SIGN_STYLE = Automatic;
				DEVELOPMENT_TEAM = YNHVVRN9N8;
				INFOPLIST_FILE = WeatherUITests/Info.plist;
				LD_RUNPATH_SEARCH_PATHS = (
					"$(inherited)",
					"@executable_path/Frameworks",
					"@loader_path/Frameworks",
				);
				PRODUCT_BUNDLE_IDENTIFIER = Raisat.WeatherUITests;
				PRODUCT_NAME = "$(TARGET_NAME)";
				SWIFT_VERSION = 5.0;
				TARGETED_DEVICE_FAMILY = "1,2";
				TEST_TARGET_NAME = Weather;
			};
			name = Debug;
		};
		59ABE6C924E580CA00420EC8 /* Release */ = {
			isa = XCBuildConfiguration;
			buildSettings = {
				ALWAYS_EMBED_SWIFT_STANDARD_LIBRARIES = YES;
				CODE_SIGN_STYLE = Automatic;
				DEVELOPMENT_TEAM = YNHVVRN9N8;
				INFOPLIST_FILE = WeatherUITests/Info.plist;
				LD_RUNPATH_SEARCH_PATHS = (
					"$(inherited)",
					"@executable_path/Frameworks",
					"@loader_path/Frameworks",
				);
				PRODUCT_BUNDLE_IDENTIFIER = Raisat.WeatherUITests;
				PRODUCT_NAME = "$(TARGET_NAME)";
				SWIFT_VERSION = 5.0;
				TARGETED_DEVICE_FAMILY = "1,2";
				TEST_TARGET_NAME = Weather;
			};
			name = Release;
		};
/* End XCBuildConfiguration section */

/* Begin XCConfigurationList section */
		59ABE69224E5809900420EC8 /* Build configuration list for PBXProject "Weather" */ = {
			isa = XCConfigurationList;
			buildConfigurations = (
				59ABE6BF24E580C900420EC8 /* Debug */,
				59ABE6C024E580C900420EC8 /* Release */,
			);
			defaultConfigurationIsVisible = 0;
			defaultConfigurationName = Release;
		};
		59ABE6C124E580CA00420EC8 /* Build configuration list for PBXNativeTarget "Weather" */ = {
			isa = XCConfigurationList;
			buildConfigurations = (
				59ABE6C224E580CA00420EC8 /* Debug */,
				59ABE6C324E580CA00420EC8 /* Release */,
			);
			defaultConfigurationIsVisible = 0;
			defaultConfigurationName = Release;
		};
		59ABE6C424E580CA00420EC8 /* Build configuration list for PBXNativeTarget "WeatherTests" */ = {
			isa = XCConfigurationList;
			buildConfigurations = (
				59ABE6C524E580CA00420EC8 /* Debug */,
				59ABE6C624E580CA00420EC8 /* Release */,
			);
			defaultConfigurationIsVisible = 0;
			defaultConfigurationName = Release;
		};
		59ABE6C724E580CA00420EC8 /* Build configuration list for PBXNativeTarget "WeatherUITests" */ = {
			isa = XCConfigurationList;
			buildConfigurations = (
				59ABE6C824E580CA00420EC8 /* Debug */,
				59ABE6C924E580CA00420EC8 /* Release */,
			);
			defaultConfigurationIsVisible = 0;
			defaultConfigurationName = Release;
		};
/* End XCConfigurationList section */
	};
	rootObject = 59ABE68F24E5809900420EC8 /* Project object */;
}
